
Microsoft Visual Studio Solution File, Format Version 12.00
# Visual Studio Version 17
VisualStudioVersion = 17.2.32526.322
MinimumVisualStudioVersion = 10.0.40219.1
Project("{FAE04EC0-301F-11D3-BF4B-00C04F79EFBC}") = "ShortIt", "ShortIt\ShortIt.csproj", "{F25BC2F1-3E27-45A0-ACCD-10F12386EE45}"
EndProject
Global
	GlobalSection(SolutionConfigurationPlatforms) = preSolution
		Debug|Any CPU = Debug|Any CPU
		Release|Any CPU = Release|Any CPU
	EndGlobalSection
	GlobalSection(ProjectConfigurationPlatforms) = postSolution
		{F25BC2F1-3E27-45A0-ACCD-10F12386EE45}.Debug|Any CPU.ActiveCfg = Debug|Any CPU
		{F25BC2F1-3E27-45A0-ACCD-10F12386EE45}.Debug|Any CPU.Build.0 = Debug|Any CPU
		{F25BC2F1-3E27-45A0-ACCD-10F12386EE45}.Release|Any CPU.ActiveCfg = Release|Any CPU
		{F25BC2F1-3E27-45A0-ACCD-10F12386EE45}.Release|Any CPU.Build.0 = Release|Any CPU
	EndGlobalSection
	GlobalSection(SolutionProperties) = preSolution
		HideSolutionNode = FALSE
	EndGlobalSection
	GlobalSection(ExtensibilityGlobals) = postSolution
		SolutionGuid = {E7BA22A1-3768-4602-849B-F344682062A7}
	EndGlobalSection
EndGlobal
